
Microsoft Visual Studio Solution File, Format Version 12.00
# Visual Studio Version 16
VisualStudioVersion = 16.0.31911.196
MinimumVisualStudioVersion = 10.0.40219.1
Project("{FAE04EC0-301F-11D3-BF4B-00C04F79EFBC}") = "SampleAjax", "SampleAjax\SampleAjax.csproj", "{B57FBC2F-A34B-4C73-80F5-B8FB0A2B046A}"
EndProject
Global
	GlobalSection(SolutionConfigurationPlatforms) = preSolution
		Debug|Any CPU = Debug|Any CPU
		Release|Any CPU = Release|Any CPU
	EndGlobalSection
	GlobalSection(ProjectConfigurationPlatforms) = postSolution
		{B57FBC2F-A34B-4C73-80F5-B8FB0A2B046A}.Debug|Any CPU.ActiveCfg = Debug|Any CPU
		{B57FBC2F-A34B-4C73-80F5-B8FB0A2B046A}.Debug|Any CPU.Build.0 = Debug|Any CPU
		{B57FBC2F-A34B-4C73-80F5-B8FB0A2B046A}.Release|Any CPU.ActiveCfg = Release|Any CPU
		{B57FBC2F-A34B-4C73-80F5-B8FB0A2B046A}.Release|Any CPU.Build.0 = Release|Any CPU
	EndGlobalSection
	GlobalSection(SolutionProperties) = preSolution
		HideSolutionNode = FALSE
	EndGlobalSection
	GlobalSection(ExtensibilityGlobals) = postSolution
		SolutionGuid = {47960BDB-1B0F-4BD0-A9CB-0B129C64629C}
	EndGlobalSection
EndGlobal
